
Microsoft Visual Studio Solution File, Format Version 12.00
# Visual Studio Version 17
VisualStudioVersion = 17.12.35527.113
MinimumVisualStudioVersion = 10.0.40219.1
Project("{2150E333-8FDC-42A3-9474-1A3956D46DE8}") = "ApiGateway", "ApiGateway", "{0C509BE9-D1EB-4E0E-B663-C4341C34C200}"
EndProject
Project("{2150E333-8FDC-42A3-9474-1A3956D46DE8}") = "Frontends", "Frontends", "{F5CA0629-F73B-4EFC-88E6-BE2FD81AE0A7}"
EndProject
Project("{2150E333-8FDC-42A3-9474-1A3956D46DE8}") = "Services", "Services", "{C5463529-47BA-46B6-B36B-706A03BA0AEF}"
EndProject
Project("{2150E333-8FDC-42A3-9474-1A3956D46DE8}") = "Product", "Product", "{27759D93-19A6-4B7D-A673-4471011FCDAB}"
EndProject
Project("{2150E333-8FDC-42A3-9474-1A3956D46DE8}") = "Auth", "Auth", "{C17753C0-7669-4707-BE76-8028627834DB}"
EndProject
Project("{2150E333-8FDC-42A3-9474-1A3956D46DE8}") = "Log", "Log", "{64AF7BB4-66B8-43CC-88C4-52D143DBE216}"
EndProject
Project("{FAE04EC0-301F-11D3-BF4B-00C04F79EFBC}") = "ThirdTask.DtoLayer", "ThirdTask.DtoLayer\ThirdTask.DtoLayer.csproj", "{24D9F537-5E4C-4BD2-9C27-5BD0F835877A}"
EndProject
Project("{FAE04EC0-301F-11D3-BF4B-00C04F79EFBC}") = "ThirdTask.WebUI", "ThirdTask.WebUI\ThirdTask.WebUI.csproj", "{16BEC7F9-5504-4DA9-866F-35B4CE9BA9E6}"
EndProject
Project("{FAE04EC0-301F-11D3-BF4B-00C04F79EFBC}") = "ThirdTask.OcelotGateway", "ThirdTask.OcelotGateway\ThirdTask.OcelotGateway.csproj", "{337FBE48-E807-4818-A96E-81F6E0C8B6CB}"
EndProject
Project("{2150E333-8FDC-42A3-9474-1A3956D46DE8}") = "Core", "Core", "{891F64EB-83CA-430A-8CF3-631D9F6122C1}"
EndProject
Project("{2150E333-8FDC-42A3-9474-1A3956D46DE8}") = "Infrastucture", "Infrastucture", "{5602B77C-F231-4088-AA61-2C6E1DD78AE8}"
EndProject
Project("{2150E333-8FDC-42A3-9474-1A3956D46DE8}") = "Presentation", "Presentation", "{8202D629-776D-4F95-9AF9-248E13E8419D}"
EndProject
Project("{FAE04EC0-301F-11D3-BF4B-00C04F79EFBC}") = "ThirdTask.Product.Application", "ThirdTask.Application\ThirdTask.Product.Application.csproj", "{4982F3DF-D224-4EC6-91C3-BEC664C0CBBB}"
EndProject
Project("{FAE04EC0-301F-11D3-BF4B-00C04F79EFBC}") = "ThirdTask.Product.Domain", "ThirdTask.Product.Domain\ThirdTask.Product.Domain.csproj", "{75DC3441-1132-4E82-851C-0A8464E762D8}"
EndProject
Project("{FAE04EC0-301F-11D3-BF4B-00C04F79EFBC}") = "ThirdTask.Product.Persistence", "ThirdTask.Product.Persistence\ThirdTask.Product.Persistence.csproj", "{381A2BF9-857A-440A-9BC2-B1D842C6F984}"
EndProject
Project("{FAE04EC0-301F-11D3-BF4B-00C04F79EFBC}") = "ThirdTask.Product.WebApi", "ThirdTask.Product.WebApi\ThirdTask.Product.WebApi.csproj", "{2E475D88-5DCE-431B-924F-B0D92A44485F}"
EndProject
Project("{2150E333-8FDC-42A3-9474-1A3956D46DE8}") = "Core", "Core", "{CB8AECBD-6287-4288-A075-CB61C2FE991B}"
EndProject
Project("{2150E333-8FDC-42A3-9474-1A3956D46DE8}") = "Infrastructure", "Infrastructure", "{81151461-AFDB-40CB-98CF-23B509476EDB}"
EndProject
Project("{2150E333-8FDC-42A3-9474-1A3956D46DE8}") = "Presentation", "Presentation", "{DA3DAB91-FFEB-47D6-85C6-1ADC6561EFC4}"
EndProject
Project("{FAE04EC0-301F-11D3-BF4B-00C04F79EFBC}") = "ThirdTask.Auth.Application", "ThirdTask.Auth.Application\ThirdTask.Auth.Application.csproj", "{ED3B88D9-9266-426D-B1A0-6E9521DB33C9}"
EndProject
Project("{FAE04EC0-301F-11D3-BF4B-00C04F79EFBC}") = "ThirdTask.Auth.Domain", "ThirdTask.Auth.Domain\ThirdTask.Auth.Domain.csproj", "{6A49981B-7944-4B70-A7B5-28742CF02338}"
EndProject
Project("{FAE04EC0-301F-11D3-BF4B-00C04F79EFBC}") = "ThirdTask.Auth.Persistence", "ThirdTask.Auth.Persistence\ThirdTask.Auth.Persistence.csproj", "{FB5EC196-7A2B-450A-9CDC-9F603A8E6BFF}"
EndProject
Project("{FAE04EC0-301F-11D3-BF4B-00C04F79EFBC}") = "ThirdTask.Auth.WebApi", "ThirdTask.Auth.WebApi\ThirdTask.Auth.WebApi.csproj", "{EFCA1F83-7434-4E38-A58D-D60E7A391F16}"
EndProject
Global
	GlobalSection(SolutionConfigurationPlatforms) = preSolution
		Debug|Any CPU = Debug|Any CPU
		Release|Any CPU = Release|Any CPU
	EndGlobalSection
	GlobalSection(ProjectConfigurationPlatforms) = postSolution
		{24D9F537-5E4C-4BD2-9C27-5BD0F835877A}.Debug|Any CPU.ActiveCfg = Debug|Any CPU
		{24D9F537-5E4C-4BD2-9C27-5BD0F835877A}.Debug|Any CPU.Build.0 = Debug|Any CPU
		{24D9F537-5E4C-4BD2-9C27-5BD0F835877A}.Release|Any CPU.ActiveCfg = Release|Any CPU
		{24D9F537-5E4C-4BD2-9C27-5BD0F835877A}.Release|Any CPU.Build.0 = Release|Any CPU
		{16BEC7F9-5504-4DA9-866F-35B4CE9BA9E6}.Debug|Any CPU.ActiveCfg = Debug|Any CPU
		{16BEC7F9-5504-4DA9-866F-35B4CE9BA9E6}.Debug|Any CPU.Build.0 = Debug|Any CPU
		{16BEC7F9-5504-4DA9-866F-35B4CE9BA9E6}.Release|Any CPU.ActiveCfg = Release|Any CPU
		{16BEC7F9-5504-4DA9-866F-35B4CE9BA9E6}.Release|Any CPU.Build.0 = Release|Any CPU
		{337FBE48-E807-4818-A96E-81F6E0C8B6CB}.Debug|Any CPU.ActiveCfg = Debug|Any CPU
		{337FBE48-E807-4818-A96E-81F6E0C8B6CB}.Debug|Any CPU.Build.0 = Debug|Any CPU
		{337FBE48-E807-4818-A96E-81F6E0C8B6CB}.Release|Any CPU.ActiveCfg = Release|Any CPU
		{337FBE48-E807-4818-A96E-81F6E0C8B6CB}.Release|Any CPU.Build.0 = Release|Any CPU
		{4982F3DF-D224-4EC6-91C3-BEC664C0CBBB}.Debug|Any CPU.ActiveCfg = Debug|Any CPU
		{4982F3DF-D224-4EC6-91C3-BEC664C0CBBB}.Debug|Any CPU.Build.0 = Debug|Any CPU
		{4982F3DF-D224-4EC6-91C3-BEC664C0CBBB}.Release|Any CPU.ActiveCfg = Release|Any CPU
		{4982F3DF-D224-4EC6-91C3-BEC664C0CBBB}.Release|Any CPU.Build.0 = Release|Any CPU
		{75DC3441-1132-4E82-851C-0A8464E762D8}.Debug|Any CPU.ActiveCfg = Debug|Any CPU
		{75DC3441-1132-4E82-851C-0A8464E762D8}.Debug|Any CPU.Build.0 = Debug|Any CPU
		{75DC3441-1132-4E82-851C-0A8464E762D8}.Release|Any CPU.ActiveCfg = Release|Any CPU
		{75DC3441-1132-4E82-851C-0A8464E762D8}.Release|Any CPU.Build.0 = Release|Any CPU
		{381A2BF9-857A-440A-9BC2-B1D842C6F984}.Debug|Any CPU.ActiveCfg = Debug|Any CPU
		{381A2BF9-857A-440A-9BC2-B1D842C6F984}.Debug|Any CPU.Build.0 = Debug|Any CPU
		{381A2BF9-857A-440A-9BC2-B1D842C6F984}.Release|Any CPU.ActiveCfg = Release|Any CPU
		{381A2BF9-857A-440A-9BC2-B1D842C6F984}.Release|Any CPU.Build.0 = Release|Any CPU
		{2E475D88-5DCE-431B-924F-B0D92A44485F}.Debug|Any CPU.ActiveCfg = Debug|Any CPU
		{2E475D88-5DCE-431B-924F-B0D92A44485F}.Debug|Any CPU.Build.0 = Debug|Any CPU
		{2E475D88-5DCE-431B-924F-B0D92A44485F}.Release|Any CPU.ActiveCfg = Release|Any CPU
		{2E475D88-5DCE-431B-924F-B0D92A44485F}.Release|Any CPU.Build.0 = Release|Any CPU
		{ED3B88D9-9266-426D-B1A0-6E9521DB33C9}.Debug|Any CPU.ActiveCfg = Debug|Any CPU
		{ED3B88D9-9266-426D-B1A0-6E9521DB33C9}.Debug|Any CPU.Build.0 = Debug|Any CPU
		{ED3B88D9-9266-426D-B1A0-6E9521DB33C9}.Release|Any CPU.ActiveCfg = Release|Any CPU
		{ED3B88D9-9266-426D-B1A0-6E9521DB33C9}.Release|Any CPU.Build.0 = Release|Any CPU
		{6A49981B-7944-4B70-A7B5-28742CF02338}.Debug|Any CPU.ActiveCfg = Debug|Any CPU
		{6A49981B-7944-4B70-A7B5-28742CF02338}.Debug|Any CPU.Build.0 = Debug|Any CPU
		{6A49981B-7944-4B70-A7B5-28742CF02338}.Release|Any CPU.ActiveCfg = Release|Any CPU
		{6A49981B-7944-4B70-A7B5-28742CF02338}.Release|Any CPU.Build.0 = Release|Any CPU
		{FB5EC196-7A2B-450A-9CDC-9F603A8E6BFF}.Debug|Any CPU.ActiveCfg = Debug|Any CPU
		{FB5EC196-7A2B-450A-9CDC-9F603A8E6BFF}.Debug|Any CPU.Build.0 = Debug|Any CPU
		{FB5EC196-7A2B-450A-9CDC-9F603A8E6BFF}.Release|Any CPU.ActiveCfg = Release|Any CPU
		{FB5EC196-7A2B-450A-9CDC-9F603A8E6BFF}.Release|Any CPU.Build.0 = Release|Any CPU
		{EFCA1F83-7434-4E38-A58D-D60E7A391F16}.Debug|Any CPU.ActiveCfg = Debug|Any CPU
		{EFCA1F83-7434-4E38-A58D-D60E7A391F16}.Debug|Any CPU.Build.0 = Debug|Any CPU
		{EFCA1F83-7434-4E38-A58D-D60E7A391F16}.Release|Any CPU.ActiveCfg = Release|Any CPU
		{EFCA1F83-7434-4E38-A58D-D60E7A391F16}.Release|Any CPU.Build.0 = Release|Any CPU
	EndGlobalSection
	GlobalSection(SolutionProperties) = preSolution
		HideSolutionNode = FALSE
	EndGlobalSection
	GlobalSection(NestedProjects) = preSolution
		{27759D93-19A6-4B7D-A673-4471011FCDAB} = {C5463529-47BA-46B6-B36B-706A03BA0AEF}
		{C17753C0-7669-4707-BE76-8028627834DB} = {C5463529-47BA-46B6-B36B-706A03BA0AEF}
		{64AF7BB4-66B8-43CC-88C4-52D143DBE216} = {C5463529-47BA-46B6-B36B-706A03BA0AEF}
		{24D9F537-5E4C-4BD2-9C27-5BD0F835877A} = {F5CA0629-F73B-4EFC-88E6-BE2FD81AE0A7}
		{16BEC7F9-5504-4DA9-866F-35B4CE9BA9E6} = {F5CA0629-F73B-4EFC-88E6-BE2FD81AE0A7}
		{337FBE48-E807-4818-A96E-81F6E0C8B6CB} = {0C509BE9-D1EB-4E0E-B663-C4341C34C200}
		{891F64EB-83CA-430A-8CF3-631D9F6122C1} = {27759D93-19A6-4B7D-A673-4471011FCDAB}
		{5602B77C-F231-4088-AA61-2C6E1DD78AE8} = {27759D93-19A6-4B7D-A673-4471011FCDAB}
		{8202D629-776D-4F95-9AF9-248E13E8419D} = {27759D93-19A6-4B7D-A673-4471011FCDAB}
		{4982F3DF-D224-4EC6-91C3-BEC664C0CBBB} = {891F64EB-83CA-430A-8CF3-631D9F6122C1}
		{75DC3441-1132-4E82-851C-0A8464E762D8} = {891F64EB-83CA-430A-8CF3-631D9F6122C1}
		{381A2BF9-857A-440A-9BC2-B1D842C6F984} = {5602B77C-F231-4088-AA61-2C6E1DD78AE8}
		{2E475D88-5DCE-431B-924F-B0D92A44485F} = {8202D629-776D-4F95-9AF9-248E13E8419D}
		{CB8AECBD-6287-4288-A075-CB61C2FE991B} = {C17753C0-7669-4707-BE76-8028627834DB}
		{81151461-AFDB-40CB-98CF-23B509476EDB} = {C17753C0-7669-4707-BE76-8028627834DB}
		{DA3DAB91-FFEB-47D6-85C6-1ADC6561EFC4} = {C17753C0-7669-4707-BE76-8028627834DB}
		{ED3B88D9-9266-426D-B1A0-6E9521DB33C9} = {CB8AECBD-6287-4288-A075-CB61C2FE991B}
		{6A49981B-7944-4B70-A7B5-28742CF02338} = {CB8AECBD-6287-4288-A075-CB61C2FE991B}
		{FB5EC196-7A2B-450A-9CDC-9F603A8E6BFF} = {81151461-AFDB-40CB-98CF-23B509476EDB}
		{EFCA1F83-7434-4E38-A58D-D60E7A391F16} = {DA3DAB91-FFEB-47D6-85C6-1ADC6561EFC4}
	EndGlobalSection
EndGlobal
