
Microsoft Visual Studio Solution File, Format Version 12.00
# Visual Studio Version 17
VisualStudioVersion = 17.12.35527.113
MinimumVisualStudioVersion = 10.0.40219.1
Project("{2150E333-8FDC-42A3-9474-1A3956D46DE8}") = "ApiGateway", "ApiGateway", "{0C509BE9-D1EB-4E0E-B663-C4341C34C200}"
EndProject
Project("{2150E333-8FDC-42A3-9474-1A3956D46DE8}") = "Frontends", "Frontends", "{F5CA0629-F73B-4EFC-88E6-BE2FD81AE0A7}"
EndProject
Project("{2150E333-8FDC-42A3-9474-1A3956D46DE8}") = "Services", "Services", "{C5463529-47BA-46B6-B36B-706A03BA0AEF}"
EndProject
Project("{2150E333-8FDC-42A3-9474-1A3956D46DE8}") = "Product", "Product", "{27759D93-19A6-4B7D-A673-4471011FCDAB}"
EndProject
Project("{2150E333-8FDC-42A3-9474-1A3956D46DE8}") = "Auth", "Auth", "{C17753C0-7669-4707-BE76-8028627834DB}"
EndProject
Project("{2150E333-8FDC-42A3-9474-1A3956D46DE8}") = "Log", "Log", "{64AF7BB4-66B8-43CC-88C4-52D143DBE216}"
EndProject
Project("{2150E333-8FDC-42A3-9474-1A3956D46DE8}") = "Core", "Core", "{891F64EB-83CA-430A-8CF3-631D9F6122C1}"
EndProject
Project("{2150E333-8FDC-42A3-9474-1A3956D46DE8}") = "Infrastucture", "Infrastucture", "{5602B77C-F231-4088-AA61-2C6E1DD78AE8}"
EndProject
Project("{2150E333-8FDC-42A3-9474-1A3956D46DE8}") = "Presentation", "Presentation", "{8202D629-776D-4F95-9AF9-248E13E8419D}"
EndProject
Project("{2150E333-8FDC-42A3-9474-1A3956D46DE8}") = "Core", "Core", "{CB8AECBD-6287-4288-A075-CB61C2FE991B}"
EndProject
Project("{2150E333-8FDC-42A3-9474-1A3956D46DE8}") = "Infrastructure", "Infrastructure", "{81151461-AFDB-40CB-98CF-23B509476EDB}"
EndProject
Project("{2150E333-8FDC-42A3-9474-1A3956D46DE8}") = "Presentation", "Presentation", "{DA3DAB91-FFEB-47D6-85C6-1ADC6561EFC4}"
EndProject
Project("{FAE04EC0-301F-11D3-BF4B-00C04F79EFBC}") = "ThirdTask.OcelotGateway", "ApiGateway\ThirdTask.OcelotGateway\ThirdTask.OcelotGateway.csproj", "{09C50C5C-B8FA-4293-93E0-EE478B6EBC0E}"
EndProject
Project("{FAE04EC0-301F-11D3-BF4B-00C04F79EFBC}") = "ThirdTask.WebUI", "Frontends\ThirdTask.WebUI\ThirdTask.WebUI.csproj", "{F3033796-1BC7-490F-9F6B-B1BE18725AAC}"
EndProject
Project("{2150E333-8FDC-42A3-9474-1A3956D46DE8}") = "JsonWebToken", "JsonWebToken", "{A4929870-03DF-459D-B4C6-0810C1719A2B}"
EndProject
Project("{FAE04EC0-301F-11D3-BF4B-00C04F79EFBC}") = "ThirdTask.Jwt", "JsonWebToken\ThirdTask.Jwt\ThirdTask.Jwt.csproj", "{17102BEC-A784-4D63-BE00-8DB532B0EA31}"
EndProject
Project("{2150E333-8FDC-42A3-9474-1A3956D46DE8}") = "Events", "Events", "{59C598E8-3958-4B75-A83C-117833022875}"
EndProject
Project("{FAE04EC0-301F-11D3-BF4B-00C04F79EFBC}") = "ThirdTask.Events", "Events\ThirdTask.Events\ThirdTask.Events.csproj", "{BC08A35D-E815-4EF1-BD0E-93DF9024EDCA}"
EndProject
Project("{FAE04EC0-301F-11D3-BF4B-00C04F79EFBC}") = "ThirdTask.Auth.Application", "Services\Auth\Core\ThirdTask.Auth.Application\ThirdTask.Auth.Application.csproj", "{F0230C4B-73FF-4A48-9224-50E6EB888035}"
EndProject
Project("{FAE04EC0-301F-11D3-BF4B-00C04F79EFBC}") = "ThirdTask.Auth.Domain", "Services\Auth\Core\ThirdTask.Auth.Domain\ThirdTask.Auth.Domain.csproj", "{4FBCFE1A-9C62-403E-825D-5374584E127C}"
EndProject
Project("{FAE04EC0-301F-11D3-BF4B-00C04F79EFBC}") = "ThirdTask.Auth.Persistence", "Services\Auth\Infrastructure\ThirdTask.Auth.Persistence\ThirdTask.Auth.Persistence.csproj", "{05D03346-5BD5-4FCC-AC47-EC7BF2634701}"
EndProject
Project("{FAE04EC0-301F-11D3-BF4B-00C04F79EFBC}") = "ThirdTask.Auth.WebApi", "Services\Auth\Presentation\ThirdTask.Auth.WebApi\ThirdTask.Auth.WebApi.csproj", "{D37F5CB7-5927-4BD8-A580-89DFEB663304}"
EndProject
Project("{FAE04EC0-301F-11D3-BF4B-00C04F79EFBC}") = "ThirdTask.Products.Application", "Services\Product\Core\ThirdTask.Products.Application\ThirdTask.Products.Application.csproj", "{82889DFF-8B82-40A5-8E83-B48AAD083240}"
EndProject
Project("{FAE04EC0-301F-11D3-BF4B-00C04F79EFBC}") = "ThirdTask.Products.Domain", "Services\Product\Core\ThirdTask.Products.Domain\ThirdTask.Products.Domain.csproj", "{D72B4021-0EFB-40A5-90AF-B7136B79987A}"
EndProject
Project("{FAE04EC0-301F-11D3-BF4B-00C04F79EFBC}") = "ThirdTask.Products.Persistence", "Services\Product\Infrastructure\ThirdTask.Products.Persistence\ThirdTask.Products.Persistence.csproj", "{8ECDAC7B-4C01-4187-A2C2-FE6AEEA04FC9}"
EndProject
Project("{FAE04EC0-301F-11D3-BF4B-00C04F79EFBC}") = "ThirdTask.Product.WebApi", "Services\Product\Presentation\ThirdTask.Products.WebApi\ThirdTask.Product.WebApi.csproj", "{285684C0-F5EA-4878-B941-0A11F97781FD}"
EndProject
Project("{FAE04EC0-301F-11D3-BF4B-00C04F79EFBC}") = "ThirdTask.LogService", "Services\Log\ThirdTask.LogService\ThirdTask.LogService.csproj", "{90FD14D3-0506-468E-9CA9-1687A61EFAB1}"
EndProject
Global
	GlobalSection(SolutionConfigurationPlatforms) = preSolution
		Debug|Any CPU = Debug|Any CPU
		Release|Any CPU = Release|Any CPU
	EndGlobalSection
	GlobalSection(ProjectConfigurationPlatforms) = postSolution
		{09C50C5C-B8FA-4293-93E0-EE478B6EBC0E}.Debug|Any CPU.ActiveCfg = Debug|Any CPU
		{09C50C5C-B8FA-4293-93E0-EE478B6EBC0E}.Debug|Any CPU.Build.0 = Debug|Any CPU
		{09C50C5C-B8FA-4293-93E0-EE478B6EBC0E}.Release|Any CPU.ActiveCfg = Release|Any CPU
		{09C50C5C-B8FA-4293-93E0-EE478B6EBC0E}.Release|Any CPU.Build.0 = Release|Any CPU
		{F3033796-1BC7-490F-9F6B-B1BE18725AAC}.Debug|Any CPU.ActiveCfg = Debug|Any CPU
		{F3033796-1BC7-490F-9F6B-B1BE18725AAC}.Debug|Any CPU.Build.0 = Debug|Any CPU
		{F3033796-1BC7-490F-9F6B-B1BE18725AAC}.Release|Any CPU.ActiveCfg = Release|Any CPU
		{F3033796-1BC7-490F-9F6B-B1BE18725AAC}.Release|Any CPU.Build.0 = Release|Any CPU
		{17102BEC-A784-4D63-BE00-8DB532B0EA31}.Debug|Any CPU.ActiveCfg = Debug|Any CPU
		{17102BEC-A784-4D63-BE00-8DB532B0EA31}.Debug|Any CPU.Build.0 = Debug|Any CPU
		{17102BEC-A784-4D63-BE00-8DB532B0EA31}.Release|Any CPU.ActiveCfg = Release|Any CPU
		{17102BEC-A784-4D63-BE00-8DB532B0EA31}.Release|Any CPU.Build.0 = Release|Any CPU
		{BC08A35D-E815-4EF1-BD0E-93DF9024EDCA}.Debug|Any CPU.ActiveCfg = Debug|Any CPU
		{BC08A35D-E815-4EF1-BD0E-93DF9024EDCA}.Debug|Any CPU.Build.0 = Debug|Any CPU
		{BC08A35D-E815-4EF1-BD0E-93DF9024EDCA}.Release|Any CPU.ActiveCfg = Release|Any CPU
		{BC08A35D-E815-4EF1-BD0E-93DF9024EDCA}.Release|Any CPU.Build.0 = Release|Any CPU
		{F0230C4B-73FF-4A48-9224-50E6EB888035}.Debug|Any CPU.ActiveCfg = Debug|Any CPU
		{F0230C4B-73FF-4A48-9224-50E6EB888035}.Debug|Any CPU.Build.0 = Debug|Any CPU
		{F0230C4B-73FF-4A48-9224-50E6EB888035}.Release|Any CPU.ActiveCfg = Release|Any CPU
		{F0230C4B-73FF-4A48-9224-50E6EB888035}.Release|Any CPU.Build.0 = Release|Any CPU
		{4FBCFE1A-9C62-403E-825D-5374584E127C}.Debug|Any CPU.ActiveCfg = Debug|Any CPU
		{4FBCFE1A-9C62-403E-825D-5374584E127C}.Debug|Any CPU.Build.0 = Debug|Any CPU
		{4FBCFE1A-9C62-403E-825D-5374584E127C}.Release|Any CPU.ActiveCfg = Release|Any CPU
		{4FBCFE1A-9C62-403E-825D-5374584E127C}.Release|Any CPU.Build.0 = Release|Any CPU
		{05D03346-5BD5-4FCC-AC47-EC7BF2634701}.Debug|Any CPU.ActiveCfg = Debug|Any CPU
		{05D03346-5BD5-4FCC-AC47-EC7BF2634701}.Debug|Any CPU.Build.0 = Debug|Any CPU
		{05D03346-5BD5-4FCC-AC47-EC7BF2634701}.Release|Any CPU.ActiveCfg = Release|Any CPU
		{05D03346-5BD5-4FCC-AC47-EC7BF2634701}.Release|Any CPU.Build.0 = Release|Any CPU
		{D37F5CB7-5927-4BD8-A580-89DFEB663304}.Debug|Any CPU.ActiveCfg = Debug|Any CPU
		{D37F5CB7-5927-4BD8-A580-89DFEB663304}.Debug|Any CPU.Build.0 = Debug|Any CPU
		{D37F5CB7-5927-4BD8-A580-89DFEB663304}.Release|Any CPU.ActiveCfg = Release|Any CPU
		{D37F5CB7-5927-4BD8-A580-89DFEB663304}.Release|Any CPU.Build.0 = Release|Any CPU
		{82889DFF-8B82-40A5-8E83-B48AAD083240}.Debug|Any CPU.ActiveCfg = Debug|Any CPU
		{82889DFF-8B82-40A5-8E83-B48AAD083240}.Debug|Any CPU.Build.0 = Debug|Any CPU
		{82889DFF-8B82-40A5-8E83-B48AAD083240}.Release|Any CPU.ActiveCfg = Release|Any CPU
		{82889DFF-8B82-40A5-8E83-B48AAD083240}.Release|Any CPU.Build.0 = Release|Any CPU
		{D72B4021-0EFB-40A5-90AF-B7136B79987A}.Debug|Any CPU.ActiveCfg = Debug|Any CPU
		{D72B4021-0EFB-40A5-90AF-B7136B79987A}.Debug|Any CPU.Build.0 = Debug|Any CPU
		{D72B4021-0EFB-40A5-90AF-B7136B79987A}.Release|Any CPU.ActiveCfg = Release|Any CPU
		{D72B4021-0EFB-40A5-90AF-B7136B79987A}.Release|Any CPU.Build.0 = Release|Any CPU
		{8ECDAC7B-4C01-4187-A2C2-FE6AEEA04FC9}.Debug|Any CPU.ActiveCfg = Debug|Any CPU
		{8ECDAC7B-4C01-4187-A2C2-FE6AEEA04FC9}.Debug|Any CPU.Build.0 = Debug|Any CPU
		{8ECDAC7B-4C01-4187-A2C2-FE6AEEA04FC9}.Release|Any CPU.ActiveCfg = Release|Any CPU
		{8ECDAC7B-4C01-4187-A2C2-FE6AEEA04FC9}.Release|Any CPU.Build.0 = Release|Any CPU
		{285684C0-F5EA-4878-B941-0A11F97781FD}.Debug|Any CPU.ActiveCfg = Debug|Any CPU
		{285684C0-F5EA-4878-B941-0A11F97781FD}.Debug|Any CPU.Build.0 = Debug|Any CPU
		{285684C0-F5EA-4878-B941-0A11F97781FD}.Release|Any CPU.ActiveCfg = Release|Any CPU
		{285684C0-F5EA-4878-B941-0A11F97781FD}.Release|Any CPU.Build.0 = Release|Any CPU
		{90FD14D3-0506-468E-9CA9-1687A61EFAB1}.Debug|Any CPU.ActiveCfg = Debug|Any CPU
		{90FD14D3-0506-468E-9CA9-1687A61EFAB1}.Debug|Any CPU.Build.0 = Debug|Any CPU
		{90FD14D3-0506-468E-9CA9-1687A61EFAB1}.Release|Any CPU.ActiveCfg = Release|Any CPU
		{90FD14D3-0506-468E-9CA9-1687A61EFAB1}.Release|Any CPU.Build.0 = Release|Any CPU
	EndGlobalSection
	GlobalSection(SolutionProperties) = preSolution
		HideSolutionNode = FALSE
	EndGlobalSection
	GlobalSection(NestedProjects) = preSolution
		{27759D93-19A6-4B7D-A673-4471011FCDAB} = {C5463529-47BA-46B6-B36B-706A03BA0AEF}
		{C17753C0-7669-4707-BE76-8028627834DB} = {C5463529-47BA-46B6-B36B-706A03BA0AEF}
		{64AF7BB4-66B8-43CC-88C4-52D143DBE216} = {C5463529-47BA-46B6-B36B-706A03BA0AEF}
		{891F64EB-83CA-430A-8CF3-631D9F6122C1} = {27759D93-19A6-4B7D-A673-4471011FCDAB}
		{5602B77C-F231-4088-AA61-2C6E1DD78AE8} = {27759D93-19A6-4B7D-A673-4471011FCDAB}
		{8202D629-776D-4F95-9AF9-248E13E8419D} = {27759D93-19A6-4B7D-A673-4471011FCDAB}
		{CB8AECBD-6287-4288-A075-CB61C2FE991B} = {C17753C0-7669-4707-BE76-8028627834DB}
		{81151461-AFDB-40CB-98CF-23B509476EDB} = {C17753C0-7669-4707-BE76-8028627834DB}
		{DA3DAB91-FFEB-47D6-85C6-1ADC6561EFC4} = {C17753C0-7669-4707-BE76-8028627834DB}
		{09C50C5C-B8FA-4293-93E0-EE478B6EBC0E} = {0C509BE9-D1EB-4E0E-B663-C4341C34C200}
		{F3033796-1BC7-490F-9F6B-B1BE18725AAC} = {F5CA0629-F73B-4EFC-88E6-BE2FD81AE0A7}
		{17102BEC-A784-4D63-BE00-8DB532B0EA31} = {A4929870-03DF-459D-B4C6-0810C1719A2B}
		{BC08A35D-E815-4EF1-BD0E-93DF9024EDCA} = {59C598E8-3958-4B75-A83C-117833022875}
		{F0230C4B-73FF-4A48-9224-50E6EB888035} = {CB8AECBD-6287-4288-A075-CB61C2FE991B}
		{4FBCFE1A-9C62-403E-825D-5374584E127C} = {CB8AECBD-6287-4288-A075-CB61C2FE991B}
		{05D03346-5BD5-4FCC-AC47-EC7BF2634701} = {81151461-AFDB-40CB-98CF-23B509476EDB}
		{D37F5CB7-5927-4BD8-A580-89DFEB663304} = {DA3DAB91-FFEB-47D6-85C6-1ADC6561EFC4}
		{82889DFF-8B82-40A5-8E83-B48AAD083240} = {891F64EB-83CA-430A-8CF3-631D9F6122C1}
		{D72B4021-0EFB-40A5-90AF-B7136B79987A} = {891F64EB-83CA-430A-8CF3-631D9F6122C1}
		{8ECDAC7B-4C01-4187-A2C2-FE6AEEA04FC9} = {5602B77C-F231-4088-AA61-2C6E1DD78AE8}
		{285684C0-F5EA-4878-B941-0A11F97781FD} = {8202D629-776D-4F95-9AF9-248E13E8419D}
		{90FD14D3-0506-468E-9CA9-1687A61EFAB1} = {64AF7BB4-66B8-43CC-88C4-52D143DBE216}
	EndGlobalSection
EndGlobal
